
Microsoft Visual Studio Solution File, Format Version 12.00
# Visual Studio Version 17
VisualStudioVersion = 17.13.35919.96
MinimumVisualStudioVersion = 10.0.40219.1
Project("{2150E333-8FDC-42A3-9474-1A3956D46DE8}") = "WebApps", "WebApps", "{02EA681E-C7D8-13C7-8484-4AC65E1B71E8}"
EndProject
Project("{2150E333-8FDC-42A3-9474-1A3956D46DE8}") = "API", "API", "{E3D7EBEF-0272-44EA-909F-DB028602E05D}"
EndProject
Project("{FAE04EC0-301F-11D3-BF4B-00C04F79EFBC}") = "TaskManager.WebApp.API", "WebApps\API\TaskManager.WebApp.API\TaskManager.WebApp.API.csproj", "{27D8E1C8-18BA-4AE4-99F6-68CFDB2FF7BE}"
EndProject
Project("{2150E333-8FDC-42A3-9474-1A3956D46DE8}") = "Services", "Services", "{6F5179A5-844F-430D-AC50-45EBCF5776F3}"
EndProject
Project("{2150E333-8FDC-42A3-9474-1A3956D46DE8}") = "Task", "Task", "{AC62BB19-02B4-42E5-92A7-DF83689E8740}"
EndProject
Project("{FAE04EC0-301F-11D3-BF4B-00C04F79EFBC}") = "TaskManager.Tasks.Domain", "Services\Task\TaskManager.Task.Domain\TaskManager.Tasks.Domain.csproj", "{A48D9A40-BC6D-40B6-9FF0-D474463E77BF}"
EndProject
Project("{2150E333-8FDC-42A3-9474-1A3956D46DE8}") = "Core", "Core", "{FC847F02-0F9A-4DB6-AD7B-F9814AB079BE}"
EndProject
Project("{FAE04EC0-301F-11D3-BF4B-00C04F79EFBC}") = "TaskManager.Core", "Services\Core\TaskManager.Core\TaskManager.Core.csproj", "{87FC813B-81EE-427F-9186-560E783BB818}"
EndProject
Project("{FAE04EC0-301F-11D3-BF4B-00C04F79EFBC}") = "TaskManager.Tasks.Data", "Services\Task\TaskManager.Task.Data\TaskManager.Tasks.Data.csproj", "{D933BDF4-A2F6-4118-959F-CCA31B394711}"
EndProject
Project("{FAE04EC0-301F-11D3-BF4B-00C04F79EFBC}") = "TaskManager.Tasks.Application", "Services\Task\TaskManager.Tasks.Application\TaskManager.Tasks.Application.csproj", "{AFCE729D-E8BB-45D9-8FE0-33823E4ED755}"
EndProject
Global
	GlobalSection(SolutionConfigurationPlatforms) = preSolution
		Debug|Any CPU = Debug|Any CPU
		Release|Any CPU = Release|Any CPU
	EndGlobalSection
	GlobalSection(ProjectConfigurationPlatforms) = postSolution
		{27D8E1C8-18BA-4AE4-99F6-68CFDB2FF7BE}.Debug|Any CPU.ActiveCfg = Debug|Any CPU
		{27D8E1C8-18BA-4AE4-99F6-68CFDB2FF7BE}.Debug|Any CPU.Build.0 = Debug|Any CPU
		{27D8E1C8-18BA-4AE4-99F6-68CFDB2FF7BE}.Release|Any CPU.ActiveCfg = Release|Any CPU
		{27D8E1C8-18BA-4AE4-99F6-68CFDB2FF7BE}.Release|Any CPU.Build.0 = Release|Any CPU
		{A48D9A40-BC6D-40B6-9FF0-D474463E77BF}.Debug|Any CPU.ActiveCfg = Debug|Any CPU
		{A48D9A40-BC6D-40B6-9FF0-D474463E77BF}.Debug|Any CPU.Build.0 = Debug|Any CPU
		{A48D9A40-BC6D-40B6-9FF0-D474463E77BF}.Release|Any CPU.ActiveCfg = Release|Any CPU
		{A48D9A40-BC6D-40B6-9FF0-D474463E77BF}.Release|Any CPU.Build.0 = Release|Any CPU
		{87FC813B-81EE-427F-9186-560E783BB818}.Debug|Any CPU.ActiveCfg = Debug|Any CPU
		{87FC813B-81EE-427F-9186-560E783BB818}.Debug|Any CPU.Build.0 = Debug|Any CPU
		{87FC813B-81EE-427F-9186-560E783BB818}.Release|Any CPU.ActiveCfg = Release|Any CPU
		{87FC813B-81EE-427F-9186-560E783BB818}.Release|Any CPU.Build.0 = Release|Any CPU
		{D933BDF4-A2F6-4118-959F-CCA31B394711}.Debug|Any CPU.ActiveCfg = Debug|Any CPU
		{D933BDF4-A2F6-4118-959F-CCA31B394711}.Debug|Any CPU.Build.0 = Debug|Any CPU
		{D933BDF4-A2F6-4118-959F-CCA31B394711}.Release|Any CPU.ActiveCfg = Release|Any CPU
		{D933BDF4-A2F6-4118-959F-CCA31B394711}.Release|Any CPU.Build.0 = Release|Any CPU
		{AFCE729D-E8BB-45D9-8FE0-33823E4ED755}.Debug|Any CPU.ActiveCfg = Debug|Any CPU
		{AFCE729D-E8BB-45D9-8FE0-33823E4ED755}.Debug|Any CPU.Build.0 = Debug|Any CPU
		{AFCE729D-E8BB-45D9-8FE0-33823E4ED755}.Release|Any CPU.ActiveCfg = Release|Any CPU
		{AFCE729D-E8BB-45D9-8FE0-33823E4ED755}.Release|Any CPU.Build.0 = Release|Any CPU
	EndGlobalSection
	GlobalSection(SolutionProperties) = preSolution
		HideSolutionNode = FALSE
	EndGlobalSection
	GlobalSection(NestedProjects) = preSolution
		{E3D7EBEF-0272-44EA-909F-DB028602E05D} = {02EA681E-C7D8-13C7-8484-4AC65E1B71E8}
		{27D8E1C8-18BA-4AE4-99F6-68CFDB2FF7BE} = {E3D7EBEF-0272-44EA-909F-DB028602E05D}
		{AC62BB19-02B4-42E5-92A7-DF83689E8740} = {6F5179A5-844F-430D-AC50-45EBCF5776F3}
		{A48D9A40-BC6D-40B6-9FF0-D474463E77BF} = {AC62BB19-02B4-42E5-92A7-DF83689E8740}
		{FC847F02-0F9A-4DB6-AD7B-F9814AB079BE} = {6F5179A5-844F-430D-AC50-45EBCF5776F3}
		{87FC813B-81EE-427F-9186-560E783BB818} = {FC847F02-0F9A-4DB6-AD7B-F9814AB079BE}
		{D933BDF4-A2F6-4118-959F-CCA31B394711} = {AC62BB19-02B4-42E5-92A7-DF83689E8740}
		{AFCE729D-E8BB-45D9-8FE0-33823E4ED755} = {AC62BB19-02B4-42E5-92A7-DF83689E8740}
	EndGlobalSection
	GlobalSection(ExtensibilityGlobals) = postSolution
		SolutionGuid = {50D137E0-3725-47CB-9462-B8731732FD46}
	EndGlobalSection
EndGlobal
